// !$*UTF8*$!
{
	archiveVersion = 1;
	classes = {
	};
	objectVersion = 55;
	objects = {

/* Begin PBXBuildFile section */
		AF0AABFA28A73F1400EBEE76 /* String+extensions.swift in Sources */ = {isa = PBXBuildFile; fileRef = AF0AABF928A73F1400EBEE76 /* String+extensions.swift */; };
		AF443D4C28ADB8D700FA2730 /* Coordinator.swift in Sources */ = {isa = PBXBuildFile; fileRef = AF443D4B28ADB8D700FA2730 /* Coordinator.swift */; };
		B10BABB7289212A8004935C2 /* TransactionCell.swift in Sources */ = {isa = PBXBuildFile; fileRef = B10BABB5289212A8004935C2 /* TransactionCell.swift */; };
		B10BABB8289212A8004935C2 /* TransactionCell.xib in Resources */ = {isa = PBXBuildFile; fileRef = B10BABB6289212A8004935C2 /* TransactionCell.xib */; };
		B10BABBB2893696A004935C2 /* DataService.swift in Sources */ = {isa = PBXBuildFile; fileRef = B10BABBA2893696A004935C2 /* DataService.swift */; };
		B10BABBE28936DFB004935C2 /* Alamofire in Frameworks */ = {isa = PBXBuildFile; productRef = B10BABBD28936DFB004935C2 /* Alamofire */; };
		B11FCC3E288DB41000E1FC98 /* LoginViewPresenter.swift in Sources */ = {isa = PBXBuildFile; fileRef = B11FCC3D288DB41000E1FC98 /* LoginViewPresenter.swift */; };
		B11FCC40288DB86E00E1FC98 /* UserModel.swift in Sources */ = {isa = PBXBuildFile; fileRef = B11FCC3F288DB86E00E1FC98 /* UserModel.swift */; };
		B1611D7C28A92E5900EC5A94 /* DataViewController.swift in Sources */ = {isa = PBXBuildFile; fileRef = B1611D7B28A92E5900EC5A94 /* DataViewController.swift */; };
		B170AFF428A1E7BC00D0589A /* DataViewPresenter.swift in Sources */ = {isa = PBXBuildFile; fileRef = B170AFF328A1E7BC00D0589A /* DataViewPresenter.swift */; };
		B18BFBD928875B8E00CFF792 /* DataViewController.xib in Resources */ = {isa = PBXBuildFile; fileRef = B18BFBD828875B8E00CFF792 /* DataViewController.xib */; };
		B1936B5B2895FE4900ABF974 /* PaymentModel.swift in Sources */ = {isa = PBXBuildFile; fileRef = B1936B5A2895FE4900ABF974 /* PaymentModel.swift */; };
		B1A5023D28844898007DB8CE /* AppDelegate.swift in Sources */ = {isa = PBXBuildFile; fileRef = B1A5023C28844898007DB8CE /* AppDelegate.swift */; };
		B1A502462884489C007DB8CE /* Assets.xcassets in Resources */ = {isa = PBXBuildFile; fileRef = B1A502452884489C007DB8CE /* Assets.xcassets */; };
		B1A502492884489C007DB8CE /* LaunchScreen.storyboard in Resources */ = {isa = PBXBuildFile; fileRef = B1A502472884489C007DB8CE /* LaunchScreen.storyboard */; };
		B1A50251288448D9007DB8CE /* LoginViewController.xib in Resources */ = {isa = PBXBuildFile; fileRef = B1A50250288448D9007DB8CE /* LoginViewController.xib */; };
		B1A502C22884C954007DB8CE /* LoginViewController.swift in Sources */ = {isa = PBXBuildFile; fileRef = B1A502C12884C954007DB8CE /* LoginViewController.swift */; };
/* End PBXBuildFile section */

/* Begin PBXFileReference section */
		AF0AABF928A73F1400EBEE76 /* String+extensions.swift */ = {isa = PBXFileReference; lastKnownFileType = sourcecode.swift; path = "String+extensions.swift"; sourceTree = "<group>"; };
		AF443D4B28ADB8D700FA2730 /* Coordinator.swift */ = {isa = PBXFileReference; lastKnownFileType = sourcecode.swift; path = Coordinator.swift; sourceTree = "<group>"; };
		B10BABB5289212A8004935C2 /* TransactionCell.swift */ = {isa = PBXFileReference; lastKnownFileType = sourcecode.swift; path = TransactionCell.swift; sourceTree = "<group>"; };
		B10BABB6289212A8004935C2 /* TransactionCell.xib */ = {isa = PBXFileReference; lastKnownFileType = file.xib; path = TransactionCell.xib; sourceTree = "<group>"; };
		B10BABBA2893696A004935C2 /* DataService.swift */ = {isa = PBXFileReference; lastKnownFileType = sourcecode.swift; path = DataService.swift; sourceTree = "<group>"; };
		B11FCC3D288DB41000E1FC98 /* LoginViewPresenter.swift */ = {isa = PBXFileReference; lastKnownFileType = sourcecode.swift; path = LoginViewPresenter.swift; sourceTree = "<group>"; };
		B11FCC3F288DB86E00E1FC98 /* UserModel.swift */ = {isa = PBXFileReference; lastKnownFileType = sourcecode.swift; path = UserModel.swift; sourceTree = "<group>"; };
		B1611D7B28A92E5900EC5A94 /* DataViewController.swift */ = {isa = PBXFileReference; lastKnownFileType = sourcecode.swift; path = DataViewController.swift; sourceTree = "<group>"; };
		B170AFF328A1E7BC00D0589A /* DataViewPresenter.swift */ = {isa = PBXFileReference; lastKnownFileType = sourcecode.swift; path = DataViewPresenter.swift; sourceTree = "<group>"; };
		B18BFBD828875B8E00CFF792 /* DataViewController.xib */ = {isa = PBXFileReference; fileEncoding = 4; lastKnownFileType = file.xib; path = DataViewController.xib; sourceTree = "<group>"; };
		B1936B5A2895FE4900ABF974 /* PaymentModel.swift */ = {isa = PBXFileReference; lastKnownFileType = sourcecode.swift; path = PaymentModel.swift; sourceTree = "<group>"; };
		B1A5023928844898007DB8CE /* Bank-App.app */ = {isa = PBXFileReference; explicitFileType = wrapper.application; includeInIndex = 0; path = "Bank-App.app"; sourceTree = BUILT_PRODUCTS_DIR; };
		B1A5023C28844898007DB8CE /* AppDelegate.swift */ = {isa = PBXFileReference; lastKnownFileType = sourcecode.swift; path = AppDelegate.swift; sourceTree = "<group>"; };
		B1A502452884489C007DB8CE /* Assets.xcassets */ = {isa = PBXFileReference; lastKnownFileType = folder.assetcatalog; path = Assets.xcassets; sourceTree = "<group>"; };
		B1A502482884489C007DB8CE /* Base */ = {isa = PBXFileReference; lastKnownFileType = file.storyboard; name = Base; path = Base.lproj/LaunchScreen.storyboard; sourceTree = "<group>"; };
		B1A5024A2884489C007DB8CE /* Info.plist */ = {isa = PBXFileReference; lastKnownFileType = text.plist.xml; path = Info.plist; sourceTree = "<group>"; };
		B1A50250288448D9007DB8CE /* LoginViewController.xib */ = {isa = PBXFileReference; fileEncoding = 4; lastKnownFileType = file.xib; path = LoginViewController.xib; sourceTree = "<group>"; };
		B1A502C12884C954007DB8CE /* LoginViewController.swift */ = {isa = PBXFileReference; fileEncoding = 4; lastKnownFileType = sourcecode.swift; path = LoginViewController.swift; sourceTree = "<group>"; };
/* End PBXFileReference section */

/* Begin PBXFrameworksBuildPhase section */
		B1A5023628844898007DB8CE /* Frameworks */ = {
			isa = PBXFrameworksBuildPhase;
			buildActionMask = 2147483647;
			files = (
				B10BABBE28936DFB004935C2 /* Alamofire in Frameworks */,
			);
			runOnlyForDeploymentPostprocessing = 0;
		};
/* End PBXFrameworksBuildPhase section */

/* Begin PBXGroup section */
		AF0AABF728A73EFF00EBEE76 /* Utils */ = {
			isa = PBXGroup;
			children = (
				AF0AABF828A73F0400EBEE76 /* Extensions */,
			);
			path = Utils;
			sourceTree = "<group>";
		};
		AF0AABF828A73F0400EBEE76 /* Extensions */ = {
			isa = PBXGroup;
			children = (
				AF0AABF928A73F1400EBEE76 /* String+extensions.swift */,
			);
			path = Extensions;
			sourceTree = "<group>";
		};
		AF443D4A28ADB8C500FA2730 /* Coordinator */ = {
			isa = PBXGroup;
			children = (
				AF443D4B28ADB8D700FA2730 /* Coordinator.swift */,
			);
			path = Coordinator;
			sourceTree = "<group>";
		};
		B11FCC39288DAC9300E1FC98 /* Presenters */ = {
			isa = PBXGroup;
			children = (
				B11FCC3D288DB41000E1FC98 /* LoginViewPresenter.swift */,
				B170AFF328A1E7BC00D0589A /* DataViewPresenter.swift */,
			);
			path = Presenters;
			sourceTree = "<group>";
		};
		B11FCC3A288DACC900E1FC98 /* Views */ = {
			isa = PBXGroup;
			children = (
				B1A502C12884C954007DB8CE /* LoginViewController.swift */,
				B1611D7B28A92E5900EC5A94 /* DataViewController.swift */,
				B10BABB5289212A8004935C2 /* TransactionCell.swift */,
				B1A50250288448D9007DB8CE /* LoginViewController.xib */,
				B18BFBD828875B8E00CFF792 /* DataViewController.xib */,
				B10BABB6289212A8004935C2 /* TransactionCell.xib */,
			);
			path = Views;
			sourceTree = "<group>";
		};
		B11FCC3B288DACCF00E1FC98 /* Models */ = {
			isa = PBXGroup;
			children = (
				B11FCC3F288DB86E00E1FC98 /* UserModel.swift */,
				B1936B5A2895FE4900ABF974 /* PaymentModel.swift */,
			);
			path = Models;
			sourceTree = "<group>";
		};
		B11FCC3C288DAF4D00E1FC98 /* Service */ = {
			isa = PBXGroup;
			children = (
				B10BABBA2893696A004935C2 /* DataService.swift */,
			);
			path = Service;
			sourceTree = "<group>";
		};
		B1A5023028844898007DB8CE = {
			isa = PBXGroup;
			children = (
				B1A5023B28844898007DB8CE /* Bank-App */,
				B1A5023A28844898007DB8CE /* Products */,
			);
			sourceTree = "<group>";
		};
		B1A5023A28844898007DB8CE /* Products */ = {
			isa = PBXGroup;
			children = (
				B1A5023928844898007DB8CE /* Bank-App.app */,
			);
			name = Products;
			sourceTree = "<group>";
		};
		B1A5023B28844898007DB8CE /* Bank-App */ = {
			isa = PBXGroup;
			children = (
				AF443D4A28ADB8C500FA2730 /* Coordinator */,
				B11FCC3B288DACCF00E1FC98 /* Models */,
				B11FCC3A288DACC900E1FC98 /* Views */,
				B11FCC39288DAC9300E1FC98 /* Presenters */,
				B11FCC3C288DAF4D00E1FC98 /* Service */,
				AF0AABF728A73EFF00EBEE76 /* Utils */,
				B1A502452884489C007DB8CE /* Assets.xcassets */,
				B1A5023C28844898007DB8CE /* AppDelegate.swift */,
				B1A502472884489C007DB8CE /* LaunchScreen.storyboard */,
				B1A5024A2884489C007DB8CE /* Info.plist */,
			);
			path = "Bank-App";
			sourceTree = "<group>";
		};
/* End PBXGroup section */

/* Begin PBXNativeTarget section */
		B1A5023828844898007DB8CE /* Bank-App */ = {
			isa = PBXNativeTarget;
			buildConfigurationList = B1A5024D2884489C007DB8CE /* Build configuration list for PBXNativeTarget "Bank-App" */;
			buildPhases = (
				B1A5023528844898007DB8CE /* Sources */,
				B1A5023628844898007DB8CE /* Frameworks */,
				B1A5023728844898007DB8CE /* Resources */,
			);
			buildRules = (
			);
			dependencies = (
			);
			name = "Bank-App";
			packageProductDependencies = (
				B10BABBD28936DFB004935C2 /* Alamofire */,
			);
			productName = "Bank-App";
			productReference = B1A5023928844898007DB8CE /* Bank-App.app */;
			productType = "com.apple.product-type.application";
		};
/* End PBXNativeTarget section */

/* Begin PBXProject section */
		B1A5023128844898007DB8CE /* Project object */ = {
			isa = PBXProject;
			attributes = {
				BuildIndependentTargetsInParallel = 1;
				LastSwiftUpdateCheck = 1340;
				LastUpgradeCheck = 1340;
				TargetAttributes = {
					B1A5023828844898007DB8CE = {
						CreatedOnToolsVersion = 13.4.1;
					};
				};
			};
			buildConfigurationList = B1A5023428844898007DB8CE /* Build configuration list for PBXProject "Bank-App" */;
			compatibilityVersion = "Xcode 13.0";
			developmentRegion = en;
			hasScannedForEncodings = 0;
			knownRegions = (
				en,
				Base,
			);
			mainGroup = B1A5023028844898007DB8CE;
			packageReferences = (
				B10BABBC28936DFB004935C2 /* XCRemoteSwiftPackageReference "Alamofire" */,
			);
			productRefGroup = B1A5023A28844898007DB8CE /* Products */;
			projectDirPath = "";
			projectRoot = "";
			targets = (
				B1A5023828844898007DB8CE /* Bank-App */,
			);
		};
/* End PBXProject section */

/* Begin PBXResourcesBuildPhase section */
		B1A5023728844898007DB8CE /* Resources */ = {
			isa = PBXResourcesBuildPhase;
			buildActionMask = 2147483647;
			files = (
				B1A502492884489C007DB8CE /* LaunchScreen.storyboard in Resources */,
				B1A502462884489C007DB8CE /* Assets.xcassets in Resources */,
				B18BFBD928875B8E00CFF792 /* DataViewController.xib in Resources */,
				B1A50251288448D9007DB8CE /* LoginViewController.xib in Resources */,
				B10BABB8289212A8004935C2 /* TransactionCell.xib in Resources */,
			);
			runOnlyForDeploymentPostprocessing = 0;
		};
/* End PBXResourcesBuildPhase section */

/* Begin PBXSourcesBuildPhase section */
		B1A5023528844898007DB8CE /* Sources */ = {
			isa = PBXSourcesBuildPhase;
			buildActionMask = 2147483647;
			files = (
				B1611D7C28A92E5900EC5A94 /* DataViewController.swift in Sources */,
				B1936B5B2895FE4900ABF974 /* PaymentModel.swift in Sources */,
				B10BABB7289212A8004935C2 /* TransactionCell.swift in Sources */,
				B11FCC3E288DB41000E1FC98 /* LoginViewPresenter.swift in Sources */,
				AF0AABFA28A73F1400EBEE76 /* String+extensions.swift in Sources */,
				B11FCC40288DB86E00E1FC98 /* UserModel.swift in Sources */,
				B1A502C22884C954007DB8CE /* LoginViewController.swift in Sources */,
				B170AFF428A1E7BC00D0589A /* DataViewPresenter.swift in Sources */,
				AF443D4C28ADB8D700FA2730 /* Coordinator.swift in Sources */,
				B1A5023D28844898007DB8CE /* AppDelegate.swift in Sources */,
				B10BABBB2893696A004935C2 /* DataService.swift in Sources */,
			);
			runOnlyForDeploymentPostprocessing = 0;
		};
/* End PBXSourcesBuildPhase section */

/* Begin PBXVariantGroup section */
		B1A502472884489C007DB8CE /* LaunchScreen.storyboard */ = {
			isa = PBXVariantGroup;
			children = (
				B1A502482884489C007DB8CE /* Base */,
			);
			name = LaunchScreen.storyboard;
			sourceTree = "<group>";
		};
/* End PBXVariantGroup section */

/* Begin XCBuildConfiguration section */
		B1A5024B2884489C007DB8CE /* Debug */ = {
			isa = XCBuildConfiguration;
			buildSettings = {
				ALWAYS_SEARCH_USER_PATHS = NO;
				CLANG_ANALYZER_NONNULL = YES;
				CLANG_ANALYZER_NUMBER_OBJECT_CONVERSION = YES_AGGRESSIVE;
				CLANG_CXX_LANGUAGE_STANDARD = "gnu++17";
				CLANG_ENABLE_MODULES = YES;
				CLANG_ENABLE_OBJC_ARC = YES;
				CLANG_ENABLE_OBJC_WEAK = YES;
				CLANG_WARN_BLOCK_CAPTURE_AUTORELEASING = YES;
				CLANG_WARN_BOOL_CONVERSION = YES;
				CLANG_WARN_COMMA = YES;
				CLANG_WARN_CONSTANT_CONVERSION = YES;
				CLANG_WARN_DEPRECATED_OBJC_IMPLEMENTATIONS = YES;
				CLANG_WARN_DIRECT_OBJC_ISA_USAGE = YES_ERROR;
				CLANG_WARN_DOCUMENTATION_COMMENTS = YES;
				CLANG_WARN_EMPTY_BODY = YES;
				CLANG_WARN_ENUM_CONVERSION = YES;
				CLANG_WARN_INFINITE_RECURSION = YES;
				CLANG_WARN_INT_CONVERSION = YES;
				CLANG_WARN_NON_LITERAL_NULL_CONVERSION = YES;
				CLANG_WARN_OBJC_IMPLICIT_RETAIN_SELF = YES;
				CLANG_WARN_OBJC_LITERAL_CONVERSION = YES;
				CLANG_WARN_OBJC_ROOT_CLASS = YES_ERROR;
				CLANG_WARN_QUOTED_INCLUDE_IN_FRAMEWORK_HEADER = YES;
				CLANG_WARN_RANGE_LOOP_ANALYSIS = YES;
				CLANG_WARN_STRICT_PROTOTYPES = YES;
				CLANG_WARN_SUSPICIOUS_MOVE = YES;
				CLANG_WARN_UNGUARDED_AVAILABILITY = YES_AGGRESSIVE;
				CLANG_WARN_UNREACHABLE_CODE = YES;
				CLANG_WARN__DUPLICATE_METHOD_MATCH = YES;
				COPY_PHASE_STRIP = NO;
				DEBUG_INFORMATION_FORMAT = dwarf;
				ENABLE_STRICT_OBJC_MSGSEND = YES;
				ENABLE_TESTABILITY = YES;
				GCC_C_LANGUAGE_STANDARD = gnu11;
				GCC_DYNAMIC_NO_PIC = NO;
				GCC_NO_COMMON_BLOCKS = YES;
				GCC_OPTIMIZATION_LEVEL = 0;
				GCC_PREPROCESSOR_DEFINITIONS = (
					"DEBUG=1",
					"$(inherited)",
				);
				GCC_WARN_64_TO_32_BIT_CONVERSION = YES;
				GCC_WARN_ABOUT_RETURN_TYPE = YES_ERROR;
				GCC_WARN_UNDECLARED_SELECTOR = YES;
				GCC_WARN_UNINITIALIZED_AUTOS = YES_AGGRESSIVE;
				GCC_WARN_UNUSED_FUNCTION = YES;
				GCC_WARN_UNUSED_VARIABLE = YES;
				IPHONEOS_DEPLOYMENT_TARGET = 11.0;
				MTL_ENABLE_DEBUG_INFO = INCLUDE_SOURCE;
				MTL_FAST_MATH = YES;
				ONLY_ACTIVE_ARCH = YES;
				SDKROOT = iphoneos;
				SWIFT_ACTIVE_COMPILATION_CONDITIONS = DEBUG;
				SWIFT_OPTIMIZATION_LEVEL = "-Onone";
			};
			name = Debug;
		};
		B1A5024C2884489C007DB8CE /* Release */ = {
			isa = XCBuildConfiguration;
			buildSettings = {
				ALWAYS_SEARCH_USER_PATHS = NO;
				CLANG_ANALYZER_NONNULL = YES;
				CLANG_ANALYZER_NUMBER_OBJECT_CONVERSION = YES_AGGRESSIVE;
				CLANG_CXX_LANGUAGE_STANDARD = "gnu++17";
				CLANG_ENABLE_MODULES = YES;
				CLANG_ENABLE_OBJC_ARC = YES;
				CLANG_ENABLE_OBJC_WEAK = YES;
				CLANG_WARN_BLOCK_CAPTURE_AUTORELEASING = YES;
				CLANG_WARN_BOOL_CONVERSION = YES;
				CLANG_WARN_COMMA = YES;
				CLANG_WARN_CONSTANT_CONVERSION = YES;
				CLANG_WARN_DEPRECATED_OBJC_IMPLEMENTATIONS = YES;
				CLANG_WARN_DIRECT_OBJC_ISA_USAGE = YES_ERROR;
				CLANG_WARN_DOCUMENTATION_COMMENTS = YES;
				CLANG_WARN_EMPTY_BODY = YES;
				CLANG_WARN_ENUM_CONVERSION = YES;
				CLANG_WARN_INFINITE_RECURSION = YES;
				CLANG_WARN_INT_CONVERSION = YES;
				CLANG_WARN_NON_LITERAL_NULL_CONVERSION = YES;
				CLANG_WARN_OBJC_IMPLICIT_RETAIN_SELF = YES;
				CLANG_WARN_OBJC_LITERAL_CONVERSION = YES;
				CLANG_WARN_OBJC_ROOT_CLASS = YES_ERROR;
				CLANG_WARN_QUOTED_INCLUDE_IN_FRAMEWORK_HEADER = YES;
				CLANG_WARN_RANGE_LOOP_ANALYSIS = YES;
				CLANG_WARN_STRICT_PROTOTYPES = YES;
				CLANG_WARN_SUSPICIOUS_MOVE = YES;
				CLANG_WARN_UNGUARDED_AVAILABILITY = YES_AGGRESSIVE;
				CLANG_WARN_UNREACHABLE_CODE = YES;
				CLANG_WARN__DUPLICATE_METHOD_MATCH = YES;
				COPY_PHASE_STRIP = NO;
				DEBUG_INFORMATION_FORMAT = "dwarf-with-dsym";
				ENABLE_NS_ASSERTIONS = NO;
				ENABLE_STRICT_OBJC_MSGSEND = YES;
				GCC_C_LANGUAGE_STANDARD = gnu11;
				GCC_NO_COMMON_BLOCKS = YES;
				GCC_WARN_64_TO_32_BIT_CONVERSION = YES;
				GCC_WARN_ABOUT_RETURN_TYPE = YES_ERROR;
				GCC_WARN_UNDECLARED_SELECTOR = YES;
				GCC_WARN_UNINITIALIZED_AUTOS = YES_AGGRESSIVE;
				GCC_WARN_UNUSED_FUNCTION = YES;
				GCC_WARN_UNUSED_VARIABLE = YES;
				IPHONEOS_DEPLOYMENT_TARGET = 11.0;
				MTL_ENABLE_DEBUG_INFO = NO;
				MTL_FAST_MATH = YES;
				SDKROOT = iphoneos;
				SWIFT_COMPILATION_MODE = wholemodule;
				SWIFT_OPTIMIZATION_LEVEL = "-O";
				VALIDATE_PRODUCT = YES;
			};
			name = Release;
		};
		B1A5024E2884489C007DB8CE /* Debug */ = {
			isa = XCBuildConfiguration;
			buildSettings = {
				ASSETCATALOG_COMPILER_APPICON_NAME = AppIcon;
				ASSETCATALOG_COMPILER_GLOBAL_ACCENT_COLOR_NAME = AccentColor;
				CODE_SIGN_STYLE = Automatic;
				CURRENT_PROJECT_VERSION = 1;
				DEVELOPMENT_TEAM = NZ7Q8F9UNM;
				GENERATE_INFOPLIST_FILE = YES;
				INFOPLIST_FILE = "Bank-App/Info.plist";
				INFOPLIST_KEY_UIApplicationSupportsIndirectInputEvents = YES;
				INFOPLIST_KEY_UILaunchStoryboardName = LaunchScreen;
				INFOPLIST_KEY_UISupportedInterfaceOrientations_iPad = "UIInterfaceOrientationPortrait UIInterfaceOrientationPortraitUpsideDown UIInterfaceOrientationLandscapeLeft UIInterfaceOrientationLandscapeRight";
				INFOPLIST_KEY_UISupportedInterfaceOrientations_iPhone = "UIInterfaceOrientationPortrait UIInterfaceOrientationLandscapeLeft UIInterfaceOrientationLandscapeRight";
				IPHONEOS_DEPLOYMENT_TARGET = 11.0;
				LD_RUNPATH_SEARCH_PATHS = (
					"$(inherited)",
					"@executable_path/Frameworks",
				);
				MARKETING_VERSION = 1.0;
				PRODUCT_BUNDLE_IDENTIFIER = "com.williamreinert.Bank-App";
				PRODUCT_NAME = "$(TARGET_NAME)";
				SWIFT_EMIT_LOC_STRINGS = YES;
				SWIFT_VERSION = 5.0;
				TARGETED_DEVICE_FAMILY = "1,2";
			};
			name = Debug;
		};
		B1A5024F2884489C007DB8CE /* Release */ = {
			isa = XCBuildConfiguration;
			buildSettings = {
				ASSETCATALOG_COMPILER_APPICON_NAME = AppIcon;
				ASSETCATALOG_COMPILER_GLOBAL_ACCENT_COLOR_NAME = AccentColor;
				CODE_SIGN_STYLE = Automatic;
				CURRENT_PROJECT_VERSION = 1;
				DEVELOPMENT_TEAM = NZ7Q8F9UNM;
				GENERATE_INFOPLIST_FILE = YES;
				INFOPLIST_FILE = "Bank-App/Info.plist";
				INFOPLIST_KEY_UIApplicationSupportsIndirectInputEvents = YES;
				INFOPLIST_KEY_UILaunchStoryboardName = LaunchScreen;
				INFOPLIST_KEY_UISupportedInterfaceOrientations_iPad = "UIInterfaceOrientationPortrait UIInterfaceOrientationPortraitUpsideDown UIInterfaceOrientationLandscapeLeft UIInterfaceOrientationLandscapeRight";
				INFOPLIST_KEY_UISupportedInterfaceOrientations_iPhone = "UIInterfaceOrientationPortrait UIInterfaceOrientationLandscapeLeft UIInterfaceOrientationLandscapeRight";
				IPHONEOS_DEPLOYMENT_TARGET = 11.0;
				LD_RUNPATH_SEARCH_PATHS = (
					"$(inherited)",
					"@executable_path/Frameworks",
				);
				MARKETING_VERSION = 1.0;
				PRODUCT_BUNDLE_IDENTIFIER = "com.williamreinert.Bank-App";
				PRODUCT_NAME = "$(TARGET_NAME)";
				SWIFT_EMIT_LOC_STRINGS = YES;
				SWIFT_VERSION = 5.0;
				TARGETED_DEVICE_FAMILY = "1,2";
			};
			name = Release;
		};
/* End XCBuildConfiguration section */

/* Begin XCConfigurationList section */
		B1A5023428844898007DB8CE /* Build configuration list for PBXProject "Bank-App" */ = {
			isa = XCConfigurationList;
			buildConfigurations = (
				B1A5024B2884489C007DB8CE /* Debug */,
				B1A5024C2884489C007DB8CE /* Release */,
			);
			defaultConfigurationIsVisible = 0;
			defaultConfigurationName = Release;
		};
		B1A5024D2884489C007DB8CE /* Build configuration list for PBXNativeTarget "Bank-App" */ = {
			isa = XCConfigurationList;
			buildConfigurations = (
				B1A5024E2884489C007DB8CE /* Debug */,
				B1A5024F2884489C007DB8CE /* Release */,
			);
			defaultConfigurationIsVisible = 0;
			defaultConfigurationName = Release;
		};
/* End XCConfigurationList section */

/* Begin XCRemoteSwiftPackageReference section */
		B10BABBC28936DFB004935C2 /* XCRemoteSwiftPackageReference "Alamofire" */ = {
			isa = XCRemoteSwiftPackageReference;
			repositoryURL = "https://github.com/Alamofire/Alamofire";
			requirement = {
				kind = upToNextMajorVersion;
				minimumVersion = 5.0.0;
			};
		};
/* End XCRemoteSwiftPackageReference section */

/* Begin XCSwiftPackageProductDependency section */
		B10BABBD28936DFB004935C2 /* Alamofire */ = {
			isa = XCSwiftPackageProductDependency;
			package = B10BABBC28936DFB004935C2 /* XCRemoteSwiftPackageReference "Alamofire" */;
			productName = Alamofire;
		};
/* End XCSwiftPackageProductDependency section */
	};
	rootObject = B1A5023128844898007DB8CE /* Project object */;
}
