// !$*UTF8*$!
{
	archiveVersion = 1;
	classes = {
	};
	objectVersion = 55;
	objects = {

/* Begin PBXBuildFile section */
		B16D44EC2877A99000E97385 /* AppDelegate.swift in Sources */ = {isa = PBXBuildFile; fileRef = B16D44EB2877A99000E97385 /* AppDelegate.swift */; };
		B16D44EE2877A99500E97385 /* Assets.xcassets in Resources */ = {isa = PBXBuildFile; fileRef = B16D44ED2877A99500E97385 /* Assets.xcassets */; };
		B16D44F12877A99500E97385 /* MainMenu.xib in Resources */ = {isa = PBXBuildFile; fileRef = B16D44EF2877A99500E97385 /* MainMenu.xib */; };
		B16D44FC2877A99600E97385 /* Bank_AppTests.swift in Sources */ = {isa = PBXBuildFile; fileRef = B16D44FB2877A99600E97385 /* Bank_AppTests.swift */; };
		B16D45062877A99600E97385 /* Bank_AppUITests.swift in Sources */ = {isa = PBXBuildFile; fileRef = B16D45052877A99600E97385 /* Bank_AppUITests.swift */; };
		B16D45082877A99600E97385 /* Bank_AppUITestsLaunchTests.swift in Sources */ = {isa = PBXBuildFile; fileRef = B16D45072877A99600E97385 /* Bank_AppUITestsLaunchTests.swift */; };
/* End PBXBuildFile section */

/* Begin PBXContainerItemProxy section */
		B16D44F82877A99600E97385 /* PBXContainerItemProxy */ = {
			isa = PBXContainerItemProxy;
			containerPortal = B16D44E02877A99000E97385 /* Project object */;
			proxyType = 1;
			remoteGlobalIDString = B16D44E72877A99000E97385;
			remoteInfo = "Bank-App";
		};
		B16D45022877A99600E97385 /* PBXContainerItemProxy */ = {
			isa = PBXContainerItemProxy;
			containerPortal = B16D44E02877A99000E97385 /* Project object */;
			proxyType = 1;
			remoteGlobalIDString = B16D44E72877A99000E97385;
			remoteInfo = "Bank-App";
		};
/* End PBXContainerItemProxy section */

/* Begin PBXFileReference section */
		B16D44E82877A99000E97385 /* Bank-App.app */ = {isa = PBXFileReference; explicitFileType = wrapper.application; includeInIndex = 0; path = "Bank-App.app"; sourceTree = BUILT_PRODUCTS_DIR; };
		B16D44EB2877A99000E97385 /* AppDelegate.swift */ = {isa = PBXFileReference; lastKnownFileType = sourcecode.swift; path = AppDelegate.swift; sourceTree = "<group>"; };
		B16D44ED2877A99500E97385 /* Assets.xcassets */ = {isa = PBXFileReference; lastKnownFileType = folder.assetcatalog; path = Assets.xcassets; sourceTree = "<group>"; };
		B16D44F02877A99500E97385 /* Base */ = {isa = PBXFileReference; lastKnownFileType = file.xib; name = Base; path = Base.lproj/MainMenu.xib; sourceTree = "<group>"; };
		B16D44F22877A99500E97385 /* Bank_App.entitlements */ = {isa = PBXFileReference; lastKnownFileType = text.plist.entitlements; path = Bank_App.entitlements; sourceTree = "<group>"; };
		B16D44F72877A99600E97385 /* Bank-AppTests.xctest */ = {isa = PBXFileReference; explicitFileType = wrapper.cfbundle; includeInIndex = 0; path = "Bank-AppTests.xctest"; sourceTree = BUILT_PRODUCTS_DIR; };
		B16D44FB2877A99600E97385 /* Bank_AppTests.swift */ = {isa = PBXFileReference; lastKnownFileType = sourcecode.swift; path = Bank_AppTests.swift; sourceTree = "<group>"; };
		B16D45012877A99600E97385 /* Bank-AppUITests.xctest */ = {isa = PBXFileReference; explicitFileType = wrapper.cfbundle; includeInIndex = 0; path = "Bank-AppUITests.xctest"; sourceTree = BUILT_PRODUCTS_DIR; };
		B16D45052877A99600E97385 /* Bank_AppUITests.swift */ = {isa = PBXFileReference; lastKnownFileType = sourcecode.swift; path = Bank_AppUITests.swift; sourceTree = "<group>"; };
		B16D45072877A99600E97385 /* Bank_AppUITestsLaunchTests.swift */ = {isa = PBXFileReference; lastKnownFileType = sourcecode.swift; path = Bank_AppUITestsLaunchTests.swift; sourceTree = "<group>"; };
/* End PBXFileReference section */

/* Begin PBXFrameworksBuildPhase section */
		B16D44E52877A99000E97385 /* Frameworks */ = {
			isa = PBXFrameworksBuildPhase;
			buildActionMask = 2147483647;
			files = (
			);
			runOnlyForDeploymentPostprocessing = 0;
		};
		B16D44F42877A99600E97385 /* Frameworks */ = {
			isa = PBXFrameworksBuildPhase;
			buildActionMask = 2147483647;
			files = (
			);
			runOnlyForDeploymentPostprocessing = 0;
		};
		B16D44FE2877A99600E97385 /* Frameworks */ = {
			isa = PBXFrameworksBuildPhase;
			buildActionMask = 2147483647;
			files = (
			);
			runOnlyForDeploymentPostprocessing = 0;
		};
/* End PBXFrameworksBuildPhase section */

/* Begin PBXGroup section */
		B16D44DF2877A99000E97385 = {
			isa = PBXGroup;
			children = (
				B16D44EA2877A99000E97385 /* Bank-App */,
				B16D44FA2877A99600E97385 /* Bank-AppTests */,
				B16D45042877A99600E97385 /* Bank-AppUITests */,
				B16D44E92877A99000E97385 /* Products */,
			);
			sourceTree = "<group>";
		};
		B16D44E92877A99000E97385 /* Products */ = {
			isa = PBXGroup;
			children = (
				B16D44E82877A99000E97385 /* Bank-App.app */,
				B16D44F72877A99600E97385 /* Bank-AppTests.xctest */,
				B16D45012877A99600E97385 /* Bank-AppUITests.xctest */,
			);
			name = Products;
			sourceTree = "<group>";
		};
		B16D44EA2877A99000E97385 /* Bank-App */ = {
			isa = PBXGroup;
			children = (
				B16D44EB2877A99000E97385 /* AppDelegate.swift */,
				B16D44ED2877A99500E97385 /* Assets.xcassets */,
				B16D44EF2877A99500E97385 /* MainMenu.xib */,
				B16D44F22877A99500E97385 /* Bank_App.entitlements */,
			);
			path = "Bank-App";
			sourceTree = "<group>";
		};
		B16D44FA2877A99600E97385 /* Bank-AppTests */ = {
			isa = PBXGroup;
			children = (
				B16D44FB2877A99600E97385 /* Bank_AppTests.swift */,
			);
			path = "Bank-AppTests";
			sourceTree = "<group>";
		};
		B16D45042877A99600E97385 /* Bank-AppUITests */ = {
			isa = PBXGroup;
			children = (
				B16D45052877A99600E97385 /* Bank_AppUITests.swift */,
				B16D45072877A99600E97385 /* Bank_AppUITestsLaunchTests.swift */,
			);
			path = "Bank-AppUITests";
			sourceTree = "<group>";
		};
/* End PBXGroup section */

/* Begin PBXNativeTarget section */
		B16D44E72877A99000E97385 /* Bank-App */ = {
			isa = PBXNativeTarget;
			buildConfigurationList = B16D450B2877A99600E97385 /* Build configuration list for PBXNativeTarget "Bank-App" */;
			buildPhases = (
				B16D44E42877A99000E97385 /* Sources */,
				B16D44E52877A99000E97385 /* Frameworks */,
				B16D44E62877A99000E97385 /* Resources */,
			);
			buildRules = (
			);
			dependencies = (
			);
			name = "Bank-App";
			productName = "Bank-App";
			productReference = B16D44E82877A99000E97385 /* Bank-App.app */;
			productType = "com.apple.product-type.application";
		};
		B16D44F62877A99600E97385 /* Bank-AppTests */ = {
			isa = PBXNativeTarget;
			buildConfigurationList = B16D450E2877A99600E97385 /* Build configuration list for PBXNativeTarget "Bank-AppTests" */;
			buildPhases = (
				B16D44F32877A99600E97385 /* Sources */,
				B16D44F42877A99600E97385 /* Frameworks */,
				B16D44F52877A99600E97385 /* Resources */,
			);
			buildRules = (
			);
			dependencies = (
				B16D44F92877A99600E97385 /* PBXTargetDependency */,
			);
			name = "Bank-AppTests";
			productName = "Bank-AppTests";
			productReference = B16D44F72877A99600E97385 /* Bank-AppTests.xctest */;
			productType = "com.apple.product-type.bundle.unit-test";
		};
		B16D45002877A99600E97385 /* Bank-AppUITests */ = {
			isa = PBXNativeTarget;
			buildConfigurationList = B16D45112877A99600E97385 /* Build configuration list for PBXNativeTarget "Bank-AppUITests" */;
			buildPhases = (
				B16D44FD2877A99600E97385 /* Sources */,
				B16D44FE2877A99600E97385 /* Frameworks */,
				B16D44FF2877A99600E97385 /* Resources */,
			);
			buildRules = (
			);
			dependencies = (
				B16D45032877A99600E97385 /* PBXTargetDependency */,
			);
			name = "Bank-AppUITests";
			productName = "Bank-AppUITests";
			productReference = B16D45012877A99600E97385 /* Bank-AppUITests.xctest */;
			productType = "com.apple.product-type.bundle.ui-testing";
		};
/* End PBXNativeTarget section */

/* Begin PBXProject section */
		B16D44E02877A99000E97385 /* Project object */ = {
			isa = PBXProject;
			attributes = {
				BuildIndependentTargetsInParallel = 1;
				LastSwiftUpdateCheck = 1340;
				LastUpgradeCheck = 1340;
				TargetAttributes = {
					B16D44E72877A99000E97385 = {
						CreatedOnToolsVersion = 13.4.1;
					};
					B16D44F62877A99600E97385 = {
						CreatedOnToolsVersion = 13.4.1;
						TestTargetID = B16D44E72877A99000E97385;
					};
					B16D45002877A99600E97385 = {
						CreatedOnToolsVersion = 13.4.1;
						TestTargetID = B16D44E72877A99000E97385;
					};
				};
			};
			buildConfigurationList = B16D44E32877A99000E97385 /* Build configuration list for PBXProject "Bank-App" */;
			compatibilityVersion = "Xcode 13.0";
			developmentRegion = en;
			hasScannedForEncodings = 0;
			knownRegions = (
				en,
				Base,
			);
			mainGroup = B16D44DF2877A99000E97385;
			productRefGroup = B16D44E92877A99000E97385 /* Products */;
			projectDirPath = "";
			projectRoot = "";
			targets = (
				B16D44E72877A99000E97385 /* Bank-App */,
				B16D44F62877A99600E97385 /* Bank-AppTests */,
				B16D45002877A99600E97385 /* Bank-AppUITests */,
			);
		};
/* End PBXProject section */

/* Begin PBXResourcesBuildPhase section */
		B16D44E62877A99000E97385 /* Resources */ = {
			isa = PBXResourcesBuildPhase;
			buildActionMask = 2147483647;
			files = (
				B16D44EE2877A99500E97385 /* Assets.xcassets in Resources */,
				B16D44F12877A99500E97385 /* MainMenu.xib in Resources */,
			);
			runOnlyForDeploymentPostprocessing = 0;
		};
		B16D44F52877A99600E97385 /* Resources */ = {
			isa = PBXResourcesBuildPhase;
			buildActionMask = 2147483647;
			files = (
			);
			runOnlyForDeploymentPostprocessing = 0;
		};
		B16D44FF2877A99600E97385 /* Resources */ = {
			isa = PBXResourcesBuildPhase;
			buildActionMask = 2147483647;
			files = (
			);
			runOnlyForDeploymentPostprocessing = 0;
		};
/* End PBXResourcesBuildPhase section */

/* Begin PBXSourcesBuildPhase section */
		B16D44E42877A99000E97385 /* Sources */ = {
			isa = PBXSourcesBuildPhase;
			buildActionMask = 2147483647;
			files = (
				B16D44EC2877A99000E97385 /* AppDelegate.swift in Sources */,
			);
			runOnlyForDeploymentPostprocessing = 0;
		};
		B16D44F32877A99600E97385 /* Sources */ = {
			isa = PBXSourcesBuildPhase;
			buildActionMask = 2147483647;
			files = (
				B16D44FC2877A99600E97385 /* Bank_AppTests.swift in Sources */,
			);
			runOnlyForDeploymentPostprocessing = 0;
		};
		B16D44FD2877A99600E97385 /* Sources */ = {
			isa = PBXSourcesBuildPhase;
			buildActionMask = 2147483647;
			files = (
				B16D45082877A99600E97385 /* Bank_AppUITestsLaunchTests.swift in Sources */,
				B16D45062877A99600E97385 /* Bank_AppUITests.swift in Sources */,
			);
			runOnlyForDeploymentPostprocessing = 0;
		};
/* End PBXSourcesBuildPhase section */

/* Begin PBXTargetDependency section */
		B16D44F92877A99600E97385 /* PBXTargetDependency */ = {
			isa = PBXTargetDependency;
			target = B16D44E72877A99000E97385 /* Bank-App */;
			targetProxy = B16D44F82877A99600E97385 /* PBXContainerItemProxy */;
		};
		B16D45032877A99600E97385 /* PBXTargetDependency */ = {
			isa = PBXTargetDependency;
			target = B16D44E72877A99000E97385 /* Bank-App */;
			targetProxy = B16D45022877A99600E97385 /* PBXContainerItemProxy */;
		};
/* End PBXTargetDependency section */

/* Begin PBXVariantGroup section */
		B16D44EF2877A99500E97385 /* MainMenu.xib */ = {
			isa = PBXVariantGroup;
			children = (
				B16D44F02877A99500E97385 /* Base */,
			);
			name = MainMenu.xib;
			sourceTree = "<group>";
		};
/* End PBXVariantGroup section */

/* Begin XCBuildConfiguration section */
		B16D45092877A99600E97385 /* Debug */ = {
			isa = XCBuildConfiguration;
			buildSettings = {
				ALWAYS_SEARCH_USER_PATHS = NO;
				CLANG_ANALYZER_NONNULL = YES;
				CLANG_ANALYZER_NUMBER_OBJECT_CONVERSION = YES_AGGRESSIVE;
				CLANG_CXX_LANGUAGE_STANDARD = "gnu++17";
				CLANG_ENABLE_MODULES = YES;
				CLANG_ENABLE_OBJC_ARC = YES;
				CLANG_ENABLE_OBJC_WEAK = YES;
				CLANG_WARN_BLOCK_CAPTURE_AUTORELEASING = YES;
				CLANG_WARN_BOOL_CONVERSION = YES;
				CLANG_WARN_COMMA = YES;
				CLANG_WARN_CONSTANT_CONVERSION = YES;
				CLANG_WARN_DEPRECATED_OBJC_IMPLEMENTATIONS = YES;
				CLANG_WARN_DIRECT_OBJC_ISA_USAGE = YES_ERROR;
				CLANG_WARN_DOCUMENTATION_COMMENTS = YES;
				CLANG_WARN_EMPTY_BODY = YES;
				CLANG_WARN_ENUM_CONVERSION = YES;
				CLANG_WARN_INFINITE_RECURSION = YES;
				CLANG_WARN_INT_CONVERSION = YES;
				CLANG_WARN_NON_LITERAL_NULL_CONVERSION = YES;
				CLANG_WARN_OBJC_IMPLICIT_RETAIN_SELF = YES;
				CLANG_WARN_OBJC_LITERAL_CONVERSION = YES;
				CLANG_WARN_OBJC_ROOT_CLASS = YES_ERROR;
				CLANG_WARN_QUOTED_INCLUDE_IN_FRAMEWORK_HEADER = YES;
				CLANG_WARN_RANGE_LOOP_ANALYSIS = YES;
				CLANG_WARN_STRICT_PROTOTYPES = YES;
				CLANG_WARN_SUSPICIOUS_MOVE = YES;
				CLANG_WARN_UNGUARDED_AVAILABILITY = YES_AGGRESSIVE;
				CLANG_WARN_UNREACHABLE_CODE = YES;
				CLANG_WARN__DUPLICATE_METHOD_MATCH = YES;
				COPY_PHASE_STRIP = NO;
				DEBUG_INFORMATION_FORMAT = dwarf;
				ENABLE_STRICT_OBJC_MSGSEND = YES;
				ENABLE_TESTABILITY = YES;
				GCC_C_LANGUAGE_STANDARD = gnu11;
				GCC_DYNAMIC_NO_PIC = NO;
				GCC_NO_COMMON_BLOCKS = YES;
				GCC_OPTIMIZATION_LEVEL = 0;
				GCC_PREPROCESSOR_DEFINITIONS = (
					"DEBUG=1",
					"$(inherited)",
				);
				GCC_WARN_64_TO_32_BIT_CONVERSION = YES;
				GCC_WARN_ABOUT_RETURN_TYPE = YES_ERROR;
				GCC_WARN_UNDECLARED_SELECTOR = YES;
				GCC_WARN_UNINITIALIZED_AUTOS = YES_AGGRESSIVE;
				GCC_WARN_UNUSED_FUNCTION = YES;
				GCC_WARN_UNUSED_VARIABLE = YES;
				MACOSX_DEPLOYMENT_TARGET = 12.3;
				MTL_ENABLE_DEBUG_INFO = INCLUDE_SOURCE;
				MTL_FAST_MATH = YES;
				ONLY_ACTIVE_ARCH = YES;
				SDKROOT = macosx;
				SWIFT_ACTIVE_COMPILATION_CONDITIONS = DEBUG;
				SWIFT_OPTIMIZATION_LEVEL = "-Onone";
			};
			name = Debug;
		};
		B16D450A2877A99600E97385 /* Release */ = {
			isa = XCBuildConfiguration;
			buildSettings = {
				ALWAYS_SEARCH_USER_PATHS = NO;
				CLANG_ANALYZER_NONNULL = YES;
				CLANG_ANALYZER_NUMBER_OBJECT_CONVERSION = YES_AGGRESSIVE;
				CLANG_CXX_LANGUAGE_STANDARD = "gnu++17";
				CLANG_ENABLE_MODULES = YES;
				CLANG_ENABLE_OBJC_ARC = YES;
				CLANG_ENABLE_OBJC_WEAK = YES;
				CLANG_WARN_BLOCK_CAPTURE_AUTORELEASING = YES;
				CLANG_WARN_BOOL_CONVERSION = YES;
				CLANG_WARN_COMMA = YES;
				CLANG_WARN_CONSTANT_CONVERSION = YES;
				CLANG_WARN_DEPRECATED_OBJC_IMPLEMENTATIONS = YES;
				CLANG_WARN_DIRECT_OBJC_ISA_USAGE = YES_ERROR;
				CLANG_WARN_DOCUMENTATION_COMMENTS = YES;
				CLANG_WARN_EMPTY_BODY = YES;
				CLANG_WARN_ENUM_CONVERSION = YES;
				CLANG_WARN_INFINITE_RECURSION = YES;
				CLANG_WARN_INT_CONVERSION = YES;
				CLANG_WARN_NON_LITERAL_NULL_CONVERSION = YES;
				CLANG_WARN_OBJC_IMPLICIT_RETAIN_SELF = YES;
				CLANG_WARN_OBJC_LITERAL_CONVERSION = YES;
				CLANG_WARN_OBJC_ROOT_CLASS = YES_ERROR;
				CLANG_WARN_QUOTED_INCLUDE_IN_FRAMEWORK_HEADER = YES;
				CLANG_WARN_RANGE_LOOP_ANALYSIS = YES;
				CLANG_WARN_STRICT_PROTOTYPES = YES;
				CLANG_WARN_SUSPICIOUS_MOVE = YES;
				CLANG_WARN_UNGUARDED_AVAILABILITY = YES_AGGRESSIVE;
				CLANG_WARN_UNREACHABLE_CODE = YES;
				CLANG_WARN__DUPLICATE_METHOD_MATCH = YES;
				COPY_PHASE_STRIP = NO;
				DEBUG_INFORMATION_FORMAT = "dwarf-with-dsym";
				ENABLE_NS_ASSERTIONS = NO;
				ENABLE_STRICT_OBJC_MSGSEND = YES;
				GCC_C_LANGUAGE_STANDARD = gnu11;
				GCC_NO_COMMON_BLOCKS = YES;
				GCC_WARN_64_TO_32_BIT_CONVERSION = YES;
				GCC_WARN_ABOUT_RETURN_TYPE = YES_ERROR;
				GCC_WARN_UNDECLARED_SELECTOR = YES;
				GCC_WARN_UNINITIALIZED_AUTOS = YES_AGGRESSIVE;
				GCC_WARN_UNUSED_FUNCTION = YES;
				GCC_WARN_UNUSED_VARIABLE = YES;
				MACOSX_DEPLOYMENT_TARGET = 12.3;
				MTL_ENABLE_DEBUG_INFO = NO;
				MTL_FAST_MATH = YES;
				SDKROOT = macosx;
				SWIFT_COMPILATION_MODE = wholemodule;
				SWIFT_OPTIMIZATION_LEVEL = "-O";
			};
			name = Release;
		};
		B16D450C2877A99600E97385 /* Debug */ = {
			isa = XCBuildConfiguration;
			buildSettings = {
				ASSETCATALOG_COMPILER_APPICON_NAME = AppIcon;
				ASSETCATALOG_COMPILER_GLOBAL_ACCENT_COLOR_NAME = AccentColor;
				CODE_SIGN_ENTITLEMENTS = "Bank-App/Bank_App.entitlements";
				CODE_SIGN_STYLE = Automatic;
				COMBINE_HIDPI_IMAGES = YES;
				CURRENT_PROJECT_VERSION = 1;
				DEVELOPMENT_TEAM = NZ7Q8F9UNM;
				ENABLE_HARDENED_RUNTIME = YES;
				GENERATE_INFOPLIST_FILE = YES;
				INFOPLIST_KEY_NSHumanReadableCopyright = "";
				INFOPLIST_KEY_NSMainNibFile = MainMenu;
				INFOPLIST_KEY_NSPrincipalClass = NSApplication;
				LD_RUNPATH_SEARCH_PATHS = (
					"$(inherited)",
					"@executable_path/../Frameworks",
				);
				MARKETING_VERSION = 1.0;
				PRODUCT_BUNDLE_IDENTIFIER = "com.williamreinert.Bank-App";
				PRODUCT_NAME = "$(TARGET_NAME)";
				SWIFT_EMIT_LOC_STRINGS = YES;
				SWIFT_VERSION = 5.0;
			};
			name = Debug;
		};
		B16D450D2877A99600E97385 /* Release */ = {
			isa = XCBuildConfiguration;
			buildSettings = {
				ASSETCATALOG_COMPILER_APPICON_NAME = AppIcon;
				ASSETCATALOG_COMPILER_GLOBAL_ACCENT_COLOR_NAME = AccentColor;
				CODE_SIGN_ENTITLEMENTS = "Bank-App/Bank_App.entitlements";
				CODE_SIGN_STYLE = Automatic;
				COMBINE_HIDPI_IMAGES = YES;
				CURRENT_PROJECT_VERSION = 1;
				DEVELOPMENT_TEAM = NZ7Q8F9UNM;
				ENABLE_HARDENED_RUNTIME = YES;
				GENERATE_INFOPLIST_FILE = YES;
				INFOPLIST_KEY_NSHumanReadableCopyright = "";
				INFOPLIST_KEY_NSMainNibFile = MainMenu;
				INFOPLIST_KEY_NSPrincipalClass = NSApplication;
				LD_RUNPATH_SEARCH_PATHS = (
					"$(inherited)",
					"@executable_path/../Frameworks",
				);
				MARKETING_VERSION = 1.0;
				PRODUCT_BUNDLE_IDENTIFIER = "com.williamreinert.Bank-App";
				PRODUCT_NAME = "$(TARGET_NAME)";
				SWIFT_EMIT_LOC_STRINGS = YES;
				SWIFT_VERSION = 5.0;
			};
			name = Release;
		};
		B16D450F2877A99600E97385 /* Debug */ = {
			isa = XCBuildConfiguration;
			buildSettings = {
				ALWAYS_EMBED_SWIFT_STANDARD_LIBRARIES = YES;
				BUNDLE_LOADER = "$(TEST_HOST)";
				CODE_SIGN_STYLE = Automatic;
				CURRENT_PROJECT_VERSION = 1;
				DEVELOPMENT_TEAM = NZ7Q8F9UNM;
				GENERATE_INFOPLIST_FILE = YES;
				MACOSX_DEPLOYMENT_TARGET = 12.3;
				MARKETING_VERSION = 1.0;
				PRODUCT_BUNDLE_IDENTIFIER = "com.williamreinert.Bank-AppTests";
				PRODUCT_NAME = "$(TARGET_NAME)";
				SWIFT_EMIT_LOC_STRINGS = NO;
				SWIFT_VERSION = 5.0;
				TEST_HOST = "$(BUILT_PRODUCTS_DIR)/Bank-App.app/Contents/MacOS/Bank-App";
			};
			name = Debug;
		};
		B16D45102877A99600E97385 /* Release */ = {
			isa = XCBuildConfiguration;
			buildSettings = {
				ALWAYS_EMBED_SWIFT_STANDARD_LIBRARIES = YES;
				BUNDLE_LOADER = "$(TEST_HOST)";
				CODE_SIGN_STYLE = Automatic;
				CURRENT_PROJECT_VERSION = 1;
				DEVELOPMENT_TEAM = NZ7Q8F9UNM;
				GENERATE_INFOPLIST_FILE = YES;
				MACOSX_DEPLOYMENT_TARGET = 12.3;
				MARKETING_VERSION = 1.0;
				PRODUCT_BUNDLE_IDENTIFIER = "com.williamreinert.Bank-AppTests";
				PRODUCT_NAME = "$(TARGET_NAME)";
				SWIFT_EMIT_LOC_STRINGS = NO;
				SWIFT_VERSION = 5.0;
				TEST_HOST = "$(BUILT_PRODUCTS_DIR)/Bank-App.app/Contents/MacOS/Bank-App";
			};
			name = Release;
		};
		B16D45122877A99600E97385 /* Debug */ = {
			isa = XCBuildConfiguration;
			buildSettings = {
				ALWAYS_EMBED_SWIFT_STANDARD_LIBRARIES = YES;
				CODE_SIGN_STYLE = Automatic;
				CURRENT_PROJECT_VERSION = 1;
				DEVELOPMENT_TEAM = NZ7Q8F9UNM;
				GENERATE_INFOPLIST_FILE = YES;
				MARKETING_VERSION = 1.0;
				PRODUCT_BUNDLE_IDENTIFIER = "com.williamreinert.Bank-AppUITests";
				PRODUCT_NAME = "$(TARGET_NAME)";
				SWIFT_EMIT_LOC_STRINGS = NO;
				SWIFT_VERSION = 5.0;
				TEST_TARGET_NAME = "Bank-App";
			};
			name = Debug;
		};
		B16D45132877A99600E97385 /* Release */ = {
			isa = XCBuildConfiguration;
			buildSettings = {
				ALWAYS_EMBED_SWIFT_STANDARD_LIBRARIES = YES;
				CODE_SIGN_STYLE = Automatic;
				CURRENT_PROJECT_VERSION = 1;
				DEVELOPMENT_TEAM = NZ7Q8F9UNM;
				GENERATE_INFOPLIST_FILE = YES;
				MARKETING_VERSION = 1.0;
				PRODUCT_BUNDLE_IDENTIFIER = "com.williamreinert.Bank-AppUITests";
				PRODUCT_NAME = "$(TARGET_NAME)";
				SWIFT_EMIT_LOC_STRINGS = NO;
				SWIFT_VERSION = 5.0;
				TEST_TARGET_NAME = "Bank-App";
			};
			name = Release;
		};
/* End XCBuildConfiguration section */

/* Begin XCConfigurationList section */
		B16D44E32877A99000E97385 /* Build configuration list for PBXProject "Bank-App" */ = {
			isa = XCConfigurationList;
			buildConfigurations = (
				B16D45092877A99600E97385 /* Debug */,
				B16D450A2877A99600E97385 /* Release */,
			);
			defaultConfigurationIsVisible = 0;
			defaultConfigurationName = Release;
		};
		B16D450B2877A99600E97385 /* Build configuration list for PBXNativeTarget "Bank-App" */ = {
			isa = XCConfigurationList;
			buildConfigurations = (
				B16D450C2877A99600E97385 /* Debug */,
				B16D450D2877A99600E97385 /* Release */,
			);
			defaultConfigurationIsVisible = 0;
			defaultConfigurationName = Release;
		};
		B16D450E2877A99600E97385 /* Build configuration list for PBXNativeTarget "Bank-AppTests" */ = {
			isa = XCConfigurationList;
			buildConfigurations = (
				B16D450F2877A99600E97385 /* Debug */,
				B16D45102877A99600E97385 /* Release */,
			);
			defaultConfigurationIsVisible = 0;
			defaultConfigurationName = Release;
		};
		B16D45112877A99600E97385 /* Build configuration list for PBXNativeTarget "Bank-AppUITests" */ = {
			isa = XCConfigurationList;
			buildConfigurations = (
				B16D45122877A99600E97385 /* Debug */,
				B16D45132877A99600E97385 /* Release */,
			);
			defaultConfigurationIsVisible = 0;
			defaultConfigurationName = Release;
		};
/* End XCConfigurationList section */
	};
	rootObject = B16D44E02877A99000E97385 /* Project object */;
}
